{
  "name": "figma-plugins",
  "lockfileVersion": 2,
  "requires": true,
  "packages": {
    "": {
      "devDependencies": {
        "@figma/plugin-typings": "^1.19.3"
      }
    },
    "node_modules/@figma/plugin-typings": {
      "version": "1.19.3",
      "resolved": "http://jfrog.prod.de.eu-west-1.de.aws.vgthosting.net/artifactory/api/npm/npm-public/@figma/plugin-typings/-/plugin-typings-1.19.3.tgz",
      "integrity": "sha1-5QJO0FZKf7DCozJWUmBc44FOCtw=",
      "dev": true,
      "license": "ISC"
    }
  },
  "dependencies": {
    "@figma/plugin-typings": {
      "version": "1.19.3",
      "resolved": "http://jfrog.prod.de.eu-west-1.de.aws.vgthosting.net/artifactory/api/npm/npm-public/@figma/plugin-typings/-/plugin-typings-1.19.3.tgz",
      "integrity": "sha1-5QJO0FZKf7DCozJWUmBc44FOCtw=",
      "dev": true
    }
  }
}
