{
  "name": "cc-data-populate",
  "version": "1.0.0",
  "lockfileVersion": 1,
  "requires": true,
  "dependencies": {
    "@figma/plugin-typings": {
      "version": "1.22.0",
      "resolved": "http://jfrog.prod.de.eu-west-1.de.aws.vgthosting.net/artifactory/api/npm/npm-public/@figma/plugin-typings/-/plugin-typings-1.22.0.tgz",
      "integrity": "sha1-nWOJeLPIWAOMivlUSTKrZQlc4/o=",
      "dev": true
    }
  }
}
